
Microsoft Visual Studio Solution File, Format Version 12.00
# Visual Studio Version 17
VisualStudioVersion = 17.5.33627.172
MinimumVisualStudioVersion = 10.0.40219.1
Project("{FAE04EC0-301F-11D3-BF4B-00C04F79EFBC}") = "CatalogService", "CatalogService\CatalogService.csproj", "{5A60319D-B889-4709-99BB-44BB663C670C}"
EndProject
Project("{FAE04EC0-301F-11D3-BF4B-00C04F79EFBC}") = "APIGateway", "APIGateway\APIGateway.csproj", "{5A65663B-FF28-40CE-98ED-2819719560C0}"
EndProject
Global
	GlobalSection(SolutionConfigurationPlatforms) = preSolution
		Debug|Any CPU = Debug|Any CPU
		Release|Any CPU = Release|Any CPU
	EndGlobalSection
	GlobalSection(ProjectConfigurationPlatforms) = postSolution
		{5A60319D-B889-4709-99BB-44BB663C670C}.Debug|Any CPU.ActiveCfg = Debug|Any CPU
		{5A60319D-B889-4709-99BB-44BB663C670C}.Debug|Any CPU.Build.0 = Debug|Any CPU
		{5A60319D-B889-4709-99BB-44BB663C670C}.Release|Any CPU.ActiveCfg = Release|Any CPU
		{5A60319D-B889-4709-99BB-44BB663C670C}.Release|Any CPU.Build.0 = Release|Any CPU
		{5A65663B-FF28-40CE-98ED-2819719560C0}.Debug|Any CPU.ActiveCfg = Debug|Any CPU
		{5A65663B-FF28-40CE-98ED-2819719560C0}.Debug|Any CPU.Build.0 = Debug|Any CPU
		{5A65663B-FF28-40CE-98ED-2819719560C0}.Release|Any CPU.ActiveCfg = Release|Any CPU
		{5A65663B-FF28-40CE-98ED-2819719560C0}.Release|Any CPU.Build.0 = Release|Any CPU
	EndGlobalSection
	GlobalSection(SolutionProperties) = preSolution
		HideSolutionNode = FALSE
	EndGlobalSection
	GlobalSection(ExtensibilityGlobals) = postSolution
		SolutionGuid = {7AB60BF3-D5D6-4C0B-AE21-433371CA9C49}
	EndGlobalSection
EndGlobal
